
Microsoft Visual Studio Solution File, Format Version 12.00
# Visual Studio Version 16
VisualStudioVersion = 16.0.32228.343
MinimumVisualStudioVersion = 10.0.40219.1
Project("{FAE04EC0-301F-11D3-BF4B-00C04F79EFBC}") = "ImpactaAPI", "ImpactaAPI\ImpactaAPI.csproj", "{D182BC3D-CE1B-4506-86CF-949A07183BD9}"
EndProject
Global
	GlobalSection(SolutionConfigurationPlatforms) = preSolution
		Debug|Any CPU = Debug|Any CPU
		Release|Any CPU = Release|Any CPU
	EndGlobalSection
	GlobalSection(ProjectConfigurationPlatforms) = postSolution
		{D182BC3D-CE1B-4506-86CF-949A07183BD9}.Debug|Any CPU.ActiveCfg = Debug|Any CPU
		{D182BC3D-CE1B-4506-86CF-949A07183BD9}.Debug|Any CPU.Build.0 = Debug|Any CPU
		{D182BC3D-CE1B-4506-86CF-949A07183BD9}.Release|Any CPU.ActiveCfg = Release|Any CPU
		{D182BC3D-CE1B-4506-86CF-949A07183BD9}.Release|Any CPU.Build.0 = Release|Any CPU
	EndGlobalSection
	GlobalSection(SolutionProperties) = preSolution
		HideSolutionNode = FALSE
	EndGlobalSection
	GlobalSection(ExtensibilityGlobals) = postSolution
		SolutionGuid = {52169F77-F389-429E-BAE7-8A20AA2B7EE8}
	EndGlobalSection
EndGlobal
